
Microsoft Visual Studio Solution File, Format Version 12.00
# Visual Studio Version 16
VisualStudioVersion = 16.0.29806.167
MinimumVisualStudioVersion = 10.0.40219.1
Project("{9A19103F-16F7-4668-BE54-9A1E7A4F7556}") = "Ficha10", "Ficha10\Ficha10.csproj", "{83F31201-15E5-43FC-BD60-5E6244308C0B}"
EndProject
Project("{9A19103F-16F7-4668-BE54-9A1E7A4F7556}") = "Ficha11", "Ficha11\Ficha11.csproj", "{59379180-ADCF-4D56-A8B2-A1C2F31E5369}"
EndProject
Project("{9A19103F-16F7-4668-BE54-9A1E7A4F7556}") = "Conversoes", "Conversoes\Conversoes.csproj", "{1D811958-D74D-4E83-A101-630BB1979188}"
EndProject
Project("{9A19103F-16F7-4668-BE54-9A1E7A4F7556}") = "Consola", "Exercicios\Consola.csproj", "{18EC4841-BBC0-4A4F-B062-E498416620EA}"
EndProject
Project("{2150E333-8FDC-42A3-9474-1A3956D46DE8}") = "Fichas", "Fichas", "{15A666DA-95C6-4283-84DC-192A400FC287}"
EndProject
Project("{9A19103F-16F7-4668-BE54-9A1E7A4F7556}") = "Ficha12", "Ficha12\Ficha12.csproj", "{ED14C6DF-E5B4-4719-B3C4-528DE911A5F3}"
EndProject
Project("{9A19103F-16F7-4668-BE54-9A1E7A4F7556}") = "Ficha13", "Ficha13\Ficha13.csproj", "{9CE650D6-16DF-4D75-B2BE-A2442A6808CA}"
EndProject
Project("{9A19103F-16F7-4668-BE54-9A1E7A4F7556}") = "Ficha14", "Ficha14\Ficha14.csproj", "{756935E9-3358-447E-8E22-6F2181BE7817}"
EndProject
Project("{2150E333-8FDC-42A3-9474-1A3956D46DE8}") = "Common", "Common", "{BE168868-6ACB-4929-9E70-EFEED6730E14}"
EndProject
Project("{9A19103F-16F7-4668-BE54-9A1E7A4F7556}") = "Request", "Request\Request.csproj", "{62734B1B-6BB4-405B-8DEE-9F22E468749B}"
EndProject
Project("{9A19103F-16F7-4668-BE54-9A1E7A4F7556}") = "Printer", "Printer\Printer.csproj", "{52DB5E12-4D59-4D06-8F64-E5227BCA3E98}"
EndProject
Project("{9A19103F-16F7-4668-BE54-9A1E7A4F7556}") = "Ficha15", "Ficha15\Ficha15.csproj", "{DA7C0CE2-F624-43A5-9691-D99929610B0B}"
EndProject
Project("{9A19103F-16F7-4668-BE54-9A1E7A4F7556}") = "Ficha16", "Ficha16\Ficha16.csproj", "{687FCA4A-FC2A-4252-BCCC-AB06C945AEDB}"
EndProject
Project("{9A19103F-16F7-4668-BE54-9A1E7A4F7556}") = "Ficha24", "Ficha24\Ficha24.csproj", "{8CD63C5B-82F5-4936-A6C3-6D4AED312D2B}"
EndProject
Project("{FAE04EC0-301F-11D3-BF4B-00C04F79EFBC}") = "Ficha17", "Ficha17\Ficha17.csproj", "{11C30A1A-9C7F-4021-92CC-13DA7C4B03E8}"
EndProject
Project("{FAE04EC0-301F-11D3-BF4B-00C04F79EFBC}") = "Ficha18", "Ficha18\Ficha18.csproj", "{99000AA1-F511-4CBC-B05F-8FB363D4B0AA}"
EndProject
Project("{FAE04EC0-301F-11D3-BF4B-00C04F79EFBC}") = "Ficha26", "Ficha 26\Ficha26.csproj", "{08189293-EE83-489F-9881-86733D97B093}"
EndProject
Project("{FAE04EC0-301F-11D3-BF4B-00C04F79EFBC}") = "Ficha27", "Ficha27\Ficha27.csproj", "{D2A636C3-8A95-4227-AA06-126F0AF2B0F3}"
EndProject
Global
	GlobalSection(SolutionConfigurationPlatforms) = preSolution
		Debug|Any CPU = Debug|Any CPU
		Exercicios|Any CPU = Exercicios|Any CPU
		Release|Any CPU = Release|Any CPU
	EndGlobalSection
	GlobalSection(ProjectConfigurationPlatforms) = postSolution
		{83F31201-15E5-43FC-BD60-5E6244308C0B}.Debug|Any CPU.ActiveCfg = Debug|Any CPU
		{83F31201-15E5-43FC-BD60-5E6244308C0B}.Debug|Any CPU.Build.0 = Debug|Any CPU
		{83F31201-15E5-43FC-BD60-5E6244308C0B}.Exercicios|Any CPU.ActiveCfg = Debug|Any CPU
		{83F31201-15E5-43FC-BD60-5E6244308C0B}.Exercicios|Any CPU.Build.0 = Debug|Any CPU
		{83F31201-15E5-43FC-BD60-5E6244308C0B}.Release|Any CPU.ActiveCfg = Release|Any CPU
		{83F31201-15E5-43FC-BD60-5E6244308C0B}.Release|Any CPU.Build.0 = Release|Any CPU
		{59379180-ADCF-4D56-A8B2-A1C2F31E5369}.Debug|Any CPU.ActiveCfg = Debug|Any CPU
		{59379180-ADCF-4D56-A8B2-A1C2F31E5369}.Debug|Any CPU.Build.0 = Debug|Any CPU
		{59379180-ADCF-4D56-A8B2-A1C2F31E5369}.Exercicios|Any CPU.ActiveCfg = Debug|Any CPU
		{59379180-ADCF-4D56-A8B2-A1C2F31E5369}.Exercicios|Any CPU.Build.0 = Debug|Any CPU
		{59379180-ADCF-4D56-A8B2-A1C2F31E5369}.Release|Any CPU.ActiveCfg = Release|Any CPU
		{59379180-ADCF-4D56-A8B2-A1C2F31E5369}.Release|Any CPU.Build.0 = Release|Any CPU
		{1D811958-D74D-4E83-A101-630BB1979188}.Debug|Any CPU.ActiveCfg = Debug|Any CPU
		{1D811958-D74D-4E83-A101-630BB1979188}.Debug|Any CPU.Build.0 = Debug|Any CPU
		{1D811958-D74D-4E83-A101-630BB1979188}.Exercicios|Any CPU.ActiveCfg = Debug|Any CPU
		{1D811958-D74D-4E83-A101-630BB1979188}.Exercicios|Any CPU.Build.0 = Debug|Any CPU
		{1D811958-D74D-4E83-A101-630BB1979188}.Release|Any CPU.ActiveCfg = Release|Any CPU
		{1D811958-D74D-4E83-A101-630BB1979188}.Release|Any CPU.Build.0 = Release|Any CPU
		{18EC4841-BBC0-4A4F-B062-E498416620EA}.Debug|Any CPU.ActiveCfg = Debug|Any CPU
		{18EC4841-BBC0-4A4F-B062-E498416620EA}.Debug|Any CPU.Build.0 = Debug|Any CPU
		{18EC4841-BBC0-4A4F-B062-E498416620EA}.Exercicios|Any CPU.ActiveCfg = Debug|Any CPU
		{18EC4841-BBC0-4A4F-B062-E498416620EA}.Exercicios|Any CPU.Build.0 = Debug|Any CPU
		{18EC4841-BBC0-4A4F-B062-E498416620EA}.Release|Any CPU.ActiveCfg = Release|Any CPU
		{18EC4841-BBC0-4A4F-B062-E498416620EA}.Release|Any CPU.Build.0 = Release|Any CPU
		{ED14C6DF-E5B4-4719-B3C4-528DE911A5F3}.Debug|Any CPU.ActiveCfg = Debug|Any CPU
		{ED14C6DF-E5B4-4719-B3C4-528DE911A5F3}.Debug|Any CPU.Build.0 = Debug|Any CPU
		{ED14C6DF-E5B4-4719-B3C4-528DE911A5F3}.Exercicios|Any CPU.ActiveCfg = Debug|Any CPU
		{ED14C6DF-E5B4-4719-B3C4-528DE911A5F3}.Exercicios|Any CPU.Build.0 = Debug|Any CPU
		{ED14C6DF-E5B4-4719-B3C4-528DE911A5F3}.Release|Any CPU.ActiveCfg = Release|Any CPU
		{ED14C6DF-E5B4-4719-B3C4-528DE911A5F3}.Release|Any CPU.Build.0 = Release|Any CPU
		{9CE650D6-16DF-4D75-B2BE-A2442A6808CA}.Debug|Any CPU.ActiveCfg = Debug|Any CPU
		{9CE650D6-16DF-4D75-B2BE-A2442A6808CA}.Debug|Any CPU.Build.0 = Debug|Any CPU
		{9CE650D6-16DF-4D75-B2BE-A2442A6808CA}.Exercicios|Any CPU.ActiveCfg = Debug|Any CPU
		{9CE650D6-16DF-4D75-B2BE-A2442A6808CA}.Exercicios|Any CPU.Build.0 = Debug|Any CPU
		{9CE650D6-16DF-4D75-B2BE-A2442A6808CA}.Release|Any CPU.ActiveCfg = Release|Any CPU
		{9CE650D6-16DF-4D75-B2BE-A2442A6808CA}.Release|Any CPU.Build.0 = Release|Any CPU
		{756935E9-3358-447E-8E22-6F2181BE7817}.Debug|Any CPU.ActiveCfg = Debug|Any CPU
		{756935E9-3358-447E-8E22-6F2181BE7817}.Debug|Any CPU.Build.0 = Debug|Any CPU
		{756935E9-3358-447E-8E22-6F2181BE7817}.Exercicios|Any CPU.ActiveCfg = Debug|Any CPU
		{756935E9-3358-447E-8E22-6F2181BE7817}.Exercicios|Any CPU.Build.0 = Debug|Any CPU
		{756935E9-3358-447E-8E22-6F2181BE7817}.Release|Any CPU.ActiveCfg = Release|Any CPU
		{756935E9-3358-447E-8E22-6F2181BE7817}.Release|Any CPU.Build.0 = Release|Any CPU
		{62734B1B-6BB4-405B-8DEE-9F22E468749B}.Debug|Any CPU.ActiveCfg = Debug|Any CPU
		{62734B1B-6BB4-405B-8DEE-9F22E468749B}.Debug|Any CPU.Build.0 = Debug|Any CPU
		{62734B1B-6BB4-405B-8DEE-9F22E468749B}.Exercicios|Any CPU.ActiveCfg = Debug|Any CPU
		{62734B1B-6BB4-405B-8DEE-9F22E468749B}.Exercicios|Any CPU.Build.0 = Debug|Any CPU
		{62734B1B-6BB4-405B-8DEE-9F22E468749B}.Release|Any CPU.ActiveCfg = Release|Any CPU
		{62734B1B-6BB4-405B-8DEE-9F22E468749B}.Release|Any CPU.Build.0 = Release|Any CPU
		{52DB5E12-4D59-4D06-8F64-E5227BCA3E98}.Debug|Any CPU.ActiveCfg = Debug|Any CPU
		{52DB5E12-4D59-4D06-8F64-E5227BCA3E98}.Debug|Any CPU.Build.0 = Debug|Any CPU
		{52DB5E12-4D59-4D06-8F64-E5227BCA3E98}.Exercicios|Any CPU.ActiveCfg = Debug|Any CPU
		{52DB5E12-4D59-4D06-8F64-E5227BCA3E98}.Exercicios|Any CPU.Build.0 = Debug|Any CPU
		{52DB5E12-4D59-4D06-8F64-E5227BCA3E98}.Release|Any CPU.ActiveCfg = Release|Any CPU
		{52DB5E12-4D59-4D06-8F64-E5227BCA3E98}.Release|Any CPU.Build.0 = Release|Any CPU
		{DA7C0CE2-F624-43A5-9691-D99929610B0B}.Debug|Any CPU.ActiveCfg = Debug|Any CPU
		{DA7C0CE2-F624-43A5-9691-D99929610B0B}.Debug|Any CPU.Build.0 = Debug|Any CPU
		{DA7C0CE2-F624-43A5-9691-D99929610B0B}.Exercicios|Any CPU.ActiveCfg = Debug|Any CPU
		{DA7C0CE2-F624-43A5-9691-D99929610B0B}.Exercicios|Any CPU.Build.0 = Debug|Any CPU
		{DA7C0CE2-F624-43A5-9691-D99929610B0B}.Release|Any CPU.ActiveCfg = Release|Any CPU
		{DA7C0CE2-F624-43A5-9691-D99929610B0B}.Release|Any CPU.Build.0 = Release|Any CPU
		{687FCA4A-FC2A-4252-BCCC-AB06C945AEDB}.Debug|Any CPU.ActiveCfg = Debug|Any CPU
		{687FCA4A-FC2A-4252-BCCC-AB06C945AEDB}.Debug|Any CPU.Build.0 = Debug|Any CPU
		{687FCA4A-FC2A-4252-BCCC-AB06C945AEDB}.Exercicios|Any CPU.ActiveCfg = Debug|Any CPU
		{687FCA4A-FC2A-4252-BCCC-AB06C945AEDB}.Exercicios|Any CPU.Build.0 = Debug|Any CPU
		{687FCA4A-FC2A-4252-BCCC-AB06C945AEDB}.Release|Any CPU.ActiveCfg = Release|Any CPU
		{687FCA4A-FC2A-4252-BCCC-AB06C945AEDB}.Release|Any CPU.Build.0 = Release|Any CPU
		{8CD63C5B-82F5-4936-A6C3-6D4AED312D2B}.Debug|Any CPU.ActiveCfg = Debug|Any CPU
		{8CD63C5B-82F5-4936-A6C3-6D4AED312D2B}.Debug|Any CPU.Build.0 = Debug|Any CPU
		{8CD63C5B-82F5-4936-A6C3-6D4AED312D2B}.Exercicios|Any CPU.ActiveCfg = Debug|Any CPU
		{8CD63C5B-82F5-4936-A6C3-6D4AED312D2B}.Exercicios|Any CPU.Build.0 = Debug|Any CPU
		{8CD63C5B-82F5-4936-A6C3-6D4AED312D2B}.Release|Any CPU.ActiveCfg = Release|Any CPU
		{8CD63C5B-82F5-4936-A6C3-6D4AED312D2B}.Release|Any CPU.Build.0 = Release|Any CPU
		{11C30A1A-9C7F-4021-92CC-13DA7C4B03E8}.Debug|Any CPU.ActiveCfg = Debug|Any CPU
		{11C30A1A-9C7F-4021-92CC-13DA7C4B03E8}.Debug|Any CPU.Build.0 = Debug|Any CPU
		{11C30A1A-9C7F-4021-92CC-13DA7C4B03E8}.Exercicios|Any CPU.ActiveCfg = Debug|Any CPU
		{11C30A1A-9C7F-4021-92CC-13DA7C4B03E8}.Exercicios|Any CPU.Build.0 = Debug|Any CPU
		{11C30A1A-9C7F-4021-92CC-13DA7C4B03E8}.Release|Any CPU.ActiveCfg = Release|Any CPU
		{11C30A1A-9C7F-4021-92CC-13DA7C4B03E8}.Release|Any CPU.Build.0 = Release|Any CPU
		{99000AA1-F511-4CBC-B05F-8FB363D4B0AA}.Debug|Any CPU.ActiveCfg = Debug|Any CPU
		{99000AA1-F511-4CBC-B05F-8FB363D4B0AA}.Debug|Any CPU.Build.0 = Debug|Any CPU
		{99000AA1-F511-4CBC-B05F-8FB363D4B0AA}.Exercicios|Any CPU.ActiveCfg = Debug|Any CPU
		{99000AA1-F511-4CBC-B05F-8FB363D4B0AA}.Exercicios|Any CPU.Build.0 = Debug|Any CPU
		{99000AA1-F511-4CBC-B05F-8FB363D4B0AA}.Release|Any CPU.ActiveCfg = Release|Any CPU
		{99000AA1-F511-4CBC-B05F-8FB363D4B0AA}.Release|Any CPU.Build.0 = Release|Any CPU
		{08189293-EE83-489F-9881-86733D97B093}.Debug|Any CPU.ActiveCfg = Debug|Any CPU
		{08189293-EE83-489F-9881-86733D97B093}.Debug|Any CPU.Build.0 = Debug|Any CPU
		{08189293-EE83-489F-9881-86733D97B093}.Exercicios|Any CPU.ActiveCfg = Debug|Any CPU
		{08189293-EE83-489F-9881-86733D97B093}.Exercicios|Any CPU.Build.0 = Debug|Any CPU
		{08189293-EE83-489F-9881-86733D97B093}.Release|Any CPU.ActiveCfg = Release|Any CPU
		{08189293-EE83-489F-9881-86733D97B093}.Release|Any CPU.Build.0 = Release|Any CPU
		{D2A636C3-8A95-4227-AA06-126F0AF2B0F3}.Debug|Any CPU.ActiveCfg = Debug|Any CPU
		{D2A636C3-8A95-4227-AA06-126F0AF2B0F3}.Debug|Any CPU.Build.0 = Debug|Any CPU
		{D2A636C3-8A95-4227-AA06-126F0AF2B0F3}.Exercicios|Any CPU.ActiveCfg = Debug|Any CPU
		{D2A636C3-8A95-4227-AA06-126F0AF2B0F3}.Exercicios|Any CPU.Build.0 = Debug|Any CPU
		{D2A636C3-8A95-4227-AA06-126F0AF2B0F3}.Release|Any CPU.ActiveCfg = Release|Any CPU
		{D2A636C3-8A95-4227-AA06-126F0AF2B0F3}.Release|Any CPU.Build.0 = Release|Any CPU
	EndGlobalSection
	GlobalSection(SolutionProperties) = preSolution
		HideSolutionNode = FALSE
	EndGlobalSection
	GlobalSection(NestedProjects) = preSolution
		{83F31201-15E5-43FC-BD60-5E6244308C0B} = {15A666DA-95C6-4283-84DC-192A400FC287}
		{59379180-ADCF-4D56-A8B2-A1C2F31E5369} = {15A666DA-95C6-4283-84DC-192A400FC287}
		{1D811958-D74D-4E83-A101-630BB1979188} = {BE168868-6ACB-4929-9E70-EFEED6730E14}
		{ED14C6DF-E5B4-4719-B3C4-528DE911A5F3} = {15A666DA-95C6-4283-84DC-192A400FC287}
		{9CE650D6-16DF-4D75-B2BE-A2442A6808CA} = {15A666DA-95C6-4283-84DC-192A400FC287}
		{756935E9-3358-447E-8E22-6F2181BE7817} = {15A666DA-95C6-4283-84DC-192A400FC287}
		{62734B1B-6BB4-405B-8DEE-9F22E468749B} = {BE168868-6ACB-4929-9E70-EFEED6730E14}
		{52DB5E12-4D59-4D06-8F64-E5227BCA3E98} = {BE168868-6ACB-4929-9E70-EFEED6730E14}
		{DA7C0CE2-F624-43A5-9691-D99929610B0B} = {15A666DA-95C6-4283-84DC-192A400FC287}
		{687FCA4A-FC2A-4252-BCCC-AB06C945AEDB} = {15A666DA-95C6-4283-84DC-192A400FC287}
		{8CD63C5B-82F5-4936-A6C3-6D4AED312D2B} = {15A666DA-95C6-4283-84DC-192A400FC287}
		{11C30A1A-9C7F-4021-92CC-13DA7C4B03E8} = {15A666DA-95C6-4283-84DC-192A400FC287}
		{99000AA1-F511-4CBC-B05F-8FB363D4B0AA} = {15A666DA-95C6-4283-84DC-192A400FC287}
		{08189293-EE83-489F-9881-86733D97B093} = {15A666DA-95C6-4283-84DC-192A400FC287}
		{D2A636C3-8A95-4227-AA06-126F0AF2B0F3} = {15A666DA-95C6-4283-84DC-192A400FC287}
	EndGlobalSection
	GlobalSection(ExtensibilityGlobals) = postSolution
		SolutionGuid = {D61FAEC6-7145-4530-BCB1-05B0B4D9DD56}
	EndGlobalSection
EndGlobal
